
Microsoft Visual Studio Solution File, Format Version 12.00
# Visual Studio Version 17
VisualStudioVersion = 17.5.002.0
MinimumVisualStudioVersion = 10.0.40219.1
Project("{9A19103F-16F7-4668-BE54-9A1E7A4F7556}") = "Fizzle", "Fizzle.csproj", "{4033C5E7-90CE-4369-AB48-457F3A00569E}"
EndProject
Project("{9A19103F-16F7-4668-BE54-9A1E7A4F7556}") = "Monogame.ImGuiNet", "..\..\MonoGame.ImGuiNet\Monogame.ImGuiNet.csproj", "{81441703-4D14-497A-AAD9-225017B013A2}"
EndProject
Global
	GlobalSection(SolutionConfigurationPlatforms) = preSolution
		Debug|Any CPU = Debug|Any CPU
		Release|Any CPU = Release|Any CPU
	EndGlobalSection
	GlobalSection(ProjectConfigurationPlatforms) = postSolution
		{4033C5E7-90CE-4369-AB48-457F3A00569E}.Debug|Any CPU.ActiveCfg = Debug|Any CPU
		{4033C5E7-90CE-4369-AB48-457F3A00569E}.Debug|Any CPU.Build.0 = Debug|Any CPU
		{4033C5E7-90CE-4369-AB48-457F3A00569E}.Release|Any CPU.ActiveCfg = Release|Any CPU
		{4033C5E7-90CE-4369-AB48-457F3A00569E}.Release|Any CPU.Build.0 = Release|Any CPU
		{81441703-4D14-497A-AAD9-225017B013A2}.Debug|Any CPU.ActiveCfg = Debug|Any CPU
		{81441703-4D14-497A-AAD9-225017B013A2}.Debug|Any CPU.Build.0 = Debug|Any CPU
		{81441703-4D14-497A-AAD9-225017B013A2}.Release|Any CPU.ActiveCfg = Release|Any CPU
		{81441703-4D14-497A-AAD9-225017B013A2}.Release|Any CPU.Build.0 = Release|Any CPU
	EndGlobalSection
	GlobalSection(SolutionProperties) = preSolution
		HideSolutionNode = FALSE
	EndGlobalSection
	GlobalSection(ExtensibilityGlobals) = postSolution
		SolutionGuid = {BDD507FD-875A-4A63-90D8-0A2468E4E0A3}
	EndGlobalSection
EndGlobal
